{
  "name": "loopback-sdk-react",
  "version": "1.0.0",
  "lockfileVersion": 1,
  "requires": true,
  "dependencies": {
    "add-dom-event-listener": {
      "version": "1.0.2",
      "resolved": "https://registry.npmjs.org/add-dom-event-listener/-/add-dom-event-listener-1.0.2.tgz",
      "integrity": "sha1-j67SxBAIchzxEdodMNmVuFvkK+0=",
      "requires": {
        "object-assign": "4.1.1"
      }
    },
    "antd": {
      "version": "2.13.0",
      "resolved": "https://registry.npmjs.org/antd/-/antd-2.13.0.tgz",
      "integrity": "sha512-rTkVATLi2LK9lveXEq0hfeTgMvhQl37byjpxNXkQclqven3lzj2NfBOU004ziRs8w9+Wx8A9YzL8qWPFVELErg==",
      "requires": {
        "array-tree-filter": "1.0.1",
        "babel-runtime": "6.26.0",
        "classnames": "2.2.5",
        "create-react-class": "15.6.0",
        "css-animation": "1.4.1",
        "dom-closest": "0.2.0",
        "lodash.debounce": "4.0.8",
        "moment": "2.18.1",
        "omit.js": "1.0.0",
        "prop-types": "15.5.10",
        "rc-animate": "2.4.1",
        "rc-calendar": "9.0.2",
        "rc-cascader": "0.11.4",
        "rc-checkbox": "2.0.3",
        "rc-collapse": "1.7.6",
        "rc-dialog": "6.5.11",
        "rc-dropdown": "1.5.0",
        "rc-editor-mention": "0.6.13",
        "rc-form": "1.4.7",
        "rc-input-number": "3.6.7",
        "rc-menu": "5.0.11",
        "rc-notification": "2.0.5",
        "rc-pagination": "1.12.4",
        "rc-progress": "2.2.2",
        "rc-rate": "2.1.1",
        "rc-select": "6.9.1",
        "rc-slider": "8.2.0",
        "rc-steps": "2.5.2",
        "rc-switch": "1.5.3",
        "rc-table": "5.6.7",
        "rc-tabs": "9.1.4",
        "rc-time-picker": "2.4.1",
        "rc-tooltip": "3.4.9",
        "rc-tree": "1.7.3",
        "rc-tree-select": "1.10.7",
        "rc-upload": "2.4.1",
        "rc-util": "4.0.4",
        "react-lazy-load": "3.0.12",
        "react-slick": "0.15.4",
        "shallowequal": "1.0.2",
        "warning": "3.0.0"
      }
    },
    "array-tree-filter": {
      "version": "1.0.1",
      "resolved": "https://registry.npmjs.org/array-tree-filter/-/array-tree-filter-1.0.1.tgz",
      "integrity": "sha1-CorR7v04zoiFhjL5zAQj12NOTV0="
    },
    "asap": {
      "version": "2.0.6",
      "resolved": "https://registry.npmjs.org/asap/-/asap-2.0.6.tgz",
      "integrity": "sha1-5QNHYR1+aQlDIIu9r+vLwvuGbUY="
    },
    "async-validator": {
      "version": "1.8.1",
      "resolved": "https://registry.npmjs.org/async-validator/-/async-validator-1.8.1.tgz",
      "integrity": "sha1-ZmV4jKOSaa93Dl7gLw5VfyQ40so=",
      "requires": {
        "babel-runtime": "6.26.0"
      }
    },
    "attr-accept": {
      "version": "1.1.0",
      "resolved": "https://registry.npmjs.org/attr-accept/-/attr-accept-1.1.0.tgz",
      "integrity": "sha1-tc01In8WOTWo8d4Q7T66FpQfa+Y="
    },
    "axios": {
      "version": "0.16.2",
      "resolved": "https://registry.npmjs.org/axios/-/axios-0.16.2.tgz",
      "integrity": "sha1-uk+S8XFn37q0CYN4VFS5rBScPG0=",
      "requires": {
        "follow-redirects": "1.2.4",
        "is-buffer": "1.1.5"
      }
    },
    "babel-runtime": {
      "version": "6.26.0",
      "resolved": "https://registry.npmjs.org/babel-runtime/-/babel-runtime-6.26.0.tgz",
      "integrity": "sha1-llxwWGaOgrVde/4E/yM3vItWR/4=",
      "requires": {
        "core-js": "2.5.1",
        "regenerator-runtime": "0.11.0"
      },
      "dependencies": {
        "core-js": {
          "version": "2.5.1",
          "resolved": "https://registry.npmjs.org/core-js/-/core-js-2.5.1.tgz",
          "integrity": "sha1-rmh03GaTd4m4B1T/VCjfZoGcpQs="
        }
      }
    },
    "can-use-dom": {
      "version": "0.1.0",
      "resolved": "https://registry.npmjs.org/can-use-dom/-/can-use-dom-0.1.0.tgz",
      "integrity": "sha1-IsxKNKCrxDlQ9CxkEQJKP2NmtFo="
    },
    "classnames": {
      "version": "2.2.5",
      "resolved": "https://registry.npmjs.org/classnames/-/classnames-2.2.5.tgz",
      "integrity": "sha1-+zgB1FNGdknvNgPH1hoCvRKb3m0="
    },
    "component-classes": {
      "version": "1.2.6",
      "resolved": "https://registry.npmjs.org/component-classes/-/component-classes-1.2.6.tgz",
      "integrity": "sha1-xkI5TDYYpNiwuJGe/Mu9kw5c1pE=",
      "requires": {
        "component-indexof": "0.0.3"
      }
    },
    "component-indexof": {
      "version": "0.0.3",
      "resolved": "https://registry.npmjs.org/component-indexof/-/component-indexof-0.0.3.tgz",
      "integrity": "sha1-EdCRMSI5648yyPJa6csAL/6NPCQ="
    },
    "core-js": {
      "version": "1.2.7",
      "resolved": "https://registry.npmjs.org/core-js/-/core-js-1.2.7.tgz",
      "integrity": "sha1-ZSKUwUZR2yj6k70tX/KYOk8IxjY="
    },
    "create-react-class": {
      "version": "15.6.0",
      "resolved": "https://registry.npmjs.org/create-react-class/-/create-react-class-15.6.0.tgz",
      "integrity": "sha1-q0SEl8JlZuHilBPogyB9V8/nvtQ=",
      "requires": {
        "fbjs": "0.8.15",
        "loose-envify": "1.3.1",
        "object-assign": "4.1.1"
      }
    },
    "css-animation": {
      "version": "1.4.1",
      "resolved": "https://registry.npmjs.org/css-animation/-/css-animation-1.4.1.tgz",
      "integrity": "sha1-W4gTEl3g+7uwu+G0cq6EIhRpt6g=",
      "requires": {
        "babel-runtime": "6.26.0",
        "component-classes": "1.2.6"
      }
    },
    "debug": {
      "version": "2.6.8",
      "resolved": "https://registry.npmjs.org/debug/-/debug-2.6.8.tgz",
      "integrity": "sha1-5zFTHKLt4n0YgiJCfaF4IdaP9Pw=",
      "requires": {
        "ms": "2.0.0"
      }
    },
    "dom-align": {
      "version": "1.6.4",
      "resolved": "https://registry.npmjs.org/dom-align/-/dom-align-1.6.4.tgz",
      "integrity": "sha1-dwKkA1Lr8p8xVRKWdW0I2uKzw/o="
    },
    "dom-closest": {
      "version": "0.2.0",
      "resolved": "https://registry.npmjs.org/dom-closest/-/dom-closest-0.2.0.tgz",
      "integrity": "sha1-69n5HRvyLo1vR3h2u80+yQIWwM8=",
      "requires": {
        "dom-matches": "2.0.0"
      }
    },
    "dom-matches": {
      "version": "2.0.0",
      "resolved": "https://registry.npmjs.org/dom-matches/-/dom-matches-2.0.0.tgz",
      "integrity": "sha1-0nKLQWqHUzmA6wibhI0lPPI6dYw="
    },
    "dom-scroll-into-view": {
      "version": "1.2.1",
      "resolved": "https://registry.npmjs.org/dom-scroll-into-view/-/dom-scroll-into-view-1.2.1.tgz",
      "integrity": "sha1-6PNnMt0ImwIBqI14Fdw/iObWbH4="
    },
    "draft-js": {
      "version": "0.10.1",
      "resolved": "https://registry.npmjs.org/draft-js/-/draft-js-0.10.1.tgz",
      "integrity": "sha1-bxIZ2AlXKWkUKcpv16WNKovly2c=",
      "requires": {
        "fbjs": "0.8.15",
        "immutable": "3.7.6",
        "object-assign": "4.1.1"
      }
    },
    "encoding": {
      "version": "0.1.12",
      "resolved": "https://registry.npmjs.org/encoding/-/encoding-0.1.12.tgz",
      "integrity": "sha1-U4tm8+5izRq1HsMjgp0flIDHS+s=",
      "requires": {
        "iconv-lite": "0.4.18"
      }
    },
    "enquire.js": {
      "version": "2.1.6",
      "resolved": "https://registry.npmjs.org/enquire.js/-/enquire.js-2.1.6.tgz",
      "integrity": "sha1-PoeAybi4NQhMP2DhZtvDwqPImBQ="
    },
    "eventlistener": {
      "version": "0.0.1",
      "resolved": "https://registry.npmjs.org/eventlistener/-/eventlistener-0.0.1.tgz",
      "integrity": "sha1-7Suqu4UiJ68rz4iRUscsY8pTLrg="
    },
    "fbjs": {
      "version": "0.8.15",
      "resolved": "https://registry.npmjs.org/fbjs/-/fbjs-0.8.15.tgz",
      "integrity": "sha1-TwaV/fzBbDfAsH+s7Iy0xAkWhbk=",
      "requires": {
        "core-js": "1.2.7",
        "isomorphic-fetch": "2.2.1",
        "loose-envify": "1.3.1",
        "object-assign": "4.1.1",
        "promise": "7.3.1",
        "setimmediate": "1.0.5",
        "ua-parser-js": "0.7.14"
      }
    },
    "follow-redirects": {
      "version": "1.2.4",
      "resolved": "https://registry.npmjs.org/follow-redirects/-/follow-redirects-1.2.4.tgz",
      "integrity": "sha512-Suw6KewLV2hReSyEOeql+UUkBVyiBm3ok1VPrVFRZnQInWpdoZbbiG5i8aJVSjTr0yQ4Ava0Sh6/joCg1Brdqw==",
      "requires": {
        "debug": "2.6.8"
      }
    },
    "hammerjs": {
      "version": "2.0.8",
      "resolved": "https://registry.npmjs.org/hammerjs/-/hammerjs-2.0.8.tgz",
      "integrity": "sha1-BO93hiz/K7edMPdpIJWTAiK/YPE="
    },
    "hoist-non-react-statics": {
      "version": "1.2.0",
      "resolved": "https://registry.npmjs.org/hoist-non-react-statics/-/hoist-non-react-statics-1.2.0.tgz",
      "integrity": "sha1-qkSM8JhtVcxAdzsXF0t90GbLfPs="
    },
    "iconv-lite": {
      "version": "0.4.18",
      "resolved": "https://registry.npmjs.org/iconv-lite/-/iconv-lite-0.4.18.tgz",
      "integrity": "sha512-sr1ZQph3UwHTR0XftSbK85OvBbxe/abLGzEnPENCQwmHf7sck8Oyu4ob3LgBxWWxRoM+QszeUyl7jbqapu2TqA=="
    },
    "immutable": {
      "version": "3.7.6",
      "resolved": "https://registry.npmjs.org/immutable/-/immutable-3.7.6.tgz",
      "integrity": "sha1-E7TTyxK++hVIKib+Gy665kAHHks="
    },
    "is-buffer": {
      "version": "1.1.5",
      "resolved": "https://registry.npmjs.org/is-buffer/-/is-buffer-1.1.5.tgz",
      "integrity": "sha1-Hzsm72E7IUuIy8ojzGwB2Hlh7sw="
    },
    "is-stream": {
      "version": "1.1.0",
      "resolved": "https://registry.npmjs.org/is-stream/-/is-stream-1.1.0.tgz",
      "integrity": "sha1-EtSj3U5o4Lec6428hBc66A2RykQ="
    },
    "isomorphic-fetch": {
      "version": "2.2.1",
      "resolved": "https://registry.npmjs.org/isomorphic-fetch/-/isomorphic-fetch-2.2.1.tgz",
      "integrity": "sha1-YRrhrPFPXoH3KVB0coGf6XM1WKk=",
      "requires": {
        "node-fetch": "1.7.3",
        "whatwg-fetch": "2.0.3"
      }
    },
    "jquery": {
      "version": "3.2.1",
      "resolved": "https://registry.npmjs.org/jquery/-/jquery-3.2.1.tgz",
      "integrity": "sha1-XE2d5lKvbNCncBVKYxu6ErAVx4c="
    },
    "js-tokens": {
      "version": "3.0.2",
      "resolved": "https://registry.npmjs.org/js-tokens/-/js-tokens-3.0.2.tgz",
      "integrity": "sha1-mGbfOVECEw449/mWvOtlRDIJwls="
    },
    "json2mq": {
      "version": "0.2.0",
      "resolved": "https://registry.npmjs.org/json2mq/-/json2mq-0.2.0.tgz",
      "integrity": "sha1-tje9O6nqvhIsg+lyBIOusQ0skEo=",
      "requires": {
        "string-convert": "0.2.1"
      }
    },
    "lodash": {
      "version": "4.17.4",
      "resolved": "https://registry.npmjs.org/lodash/-/lodash-4.17.4.tgz",
      "integrity": "sha1-eCA6TRwyiuHYbcpkYONptX9AVa4="
    },
    "lodash._getnative": {
      "version": "3.9.1",
      "resolved": "https://registry.npmjs.org/lodash._getnative/-/lodash._getnative-3.9.1.tgz",
      "integrity": "sha1-VwvH3t5G1hzc3mh9ZdPuy6o6r/U="
    },
    "lodash.debounce": {
      "version": "4.0.8",
      "resolved": "https://registry.npmjs.org/lodash.debounce/-/lodash.debounce-4.0.8.tgz",
      "integrity": "sha1-gteb/zCmfEAF/9XiUVMArZyk168="
    },
    "lodash.get": {
      "version": "4.4.2",
      "resolved": "https://registry.npmjs.org/lodash.get/-/lodash.get-4.4.2.tgz",
      "integrity": "sha1-LRd/ZS+jHpObRDjVNBSZ36OCXpk="
    },
    "lodash.isarguments": {
      "version": "3.1.0",
      "resolved": "https://registry.npmjs.org/lodash.isarguments/-/lodash.isarguments-3.1.0.tgz",
      "integrity": "sha1-L1c9hcaiQon/AGY7SRwdM4/zRYo="
    },
    "lodash.isarray": {
      "version": "3.0.4",
      "resolved": "https://registry.npmjs.org/lodash.isarray/-/lodash.isarray-3.0.4.tgz",
      "integrity": "sha1-eeTriMNqgSKvhvhEqpvNhRtfu1U="
    },
    "lodash.keys": {
      "version": "3.1.2",
      "resolved": "https://registry.npmjs.org/lodash.keys/-/lodash.keys-3.1.2.tgz",
      "integrity": "sha1-TbwEcrFWvlCgsoaFXRvQsMZWCYo=",
      "requires": {
        "lodash._getnative": "3.9.1",
        "lodash.isarguments": "3.1.0",
        "lodash.isarray": "3.0.4"
      }
    },
    "lodash.throttle": {
      "version": "4.1.1",
      "resolved": "https://registry.npmjs.org/lodash.throttle/-/lodash.throttle-4.1.1.tgz",
      "integrity": "sha1-wj6RtxAkKscMN/HhzaknTMOb8vQ="
    },
    "loose-envify": {
      "version": "1.3.1",
      "resolved": "https://registry.npmjs.org/loose-envify/-/loose-envify-1.3.1.tgz",
      "integrity": "sha1-0aitM/qc4OcT1l/dCsi3SNR4yEg=",
      "requires": {
        "js-tokens": "3.0.2"
      }
    },
    "moment": {
      "version": "2.18.1",
      "resolved": "https://registry.npmjs.org/moment/-/moment-2.18.1.tgz",
      "integrity": "sha1-w2GT3Tzhwu7SrbfIAtu8d6gbHA8="
    },
    "ms": {
      "version": "2.0.0",
      "resolved": "https://registry.npmjs.org/ms/-/ms-2.0.0.tgz",
      "integrity": "sha1-VgiurfwAvmwpAd9fmGF4jeDVl8g="
    },
    "node-fetch": {
      "version": "1.7.3",
      "resolved": "https://registry.npmjs.org/node-fetch/-/node-fetch-1.7.3.tgz",
      "integrity": "sha512-NhZ4CsKx7cYm2vSrBAr2PvFOe6sWDf0UYLRqA6svUYg7+/TSfVAu49jYC4BvQ4Sms9SZgdqGBgroqfDhJdTyKQ==",
      "requires": {
        "encoding": "0.1.12",
        "is-stream": "1.1.0"
      }
    },
    "object-assign": {
      "version": "4.1.1",
      "resolved": "https://registry.npmjs.org/object-assign/-/object-assign-4.1.1.tgz",
      "integrity": "sha1-IQmtx5ZYh8/AXLvUQsrIv7s2CGM="
    },
    "omit.js": {
      "version": "1.0.0",
      "resolved": "https://registry.npmjs.org/omit.js/-/omit.js-1.0.0.tgz",
      "integrity": "sha512-O1rwbvEfAdhtonTv+v6IQeMOKTi/wlHcXpI3hehyPDlujkjSBQC6Vtzg0mdy+v2KVDmuPf7hAbHlTBM6q1bUHQ==",
      "requires": {
        "babel-runtime": "6.26.0"
      }
    },
    "promise": {
      "version": "7.3.1",
      "resolved": "https://registry.npmjs.org/promise/-/promise-7.3.1.tgz",
      "integrity": "sha512-nolQXZ/4L+bP/UGlkfaIujX9BKxGwmQ9OT4mOt5yvy8iK1h3wqTEJCijzGANTCCl9nWjY41juyAn2K3Q1hLLTg==",
      "requires": {
        "asap": "2.0.6"
      }
    },
    "prop-types": {
      "version": "15.5.10",
      "resolved": "https://registry.npmjs.org/prop-types/-/prop-types-15.5.10.tgz",
      "integrity": "sha1-J5ffwxJhguOpXj37suiT3ddFYVQ=",
      "requires": {
        "fbjs": "0.8.15",
        "loose-envify": "1.3.1"
      }
    },
    "qs": {
      "version": "6.5.0",
      "resolved": "https://registry.npmjs.org/qs/-/qs-6.5.0.tgz",
      "integrity": "sha512-fjVFjW9yhqMhVGwRExCXLhJKrLlkYSaxNWdyc9rmHlrVZbk35YHH312dFd7191uQeXkI3mKLZTIbSvIeFwFemg=="
    },
    "rc-align": {
      "version": "2.3.4",
      "resolved": "https://registry.npmjs.org/rc-align/-/rc-align-2.3.4.tgz",
      "integrity": "sha1-2Dvat1YPAULnKj3h1JXatroiUkk=",
      "requires": {
        "dom-align": "1.6.4",
        "prop-types": "15.5.10",
        "rc-util": "4.0.4"
      }
    },
    "rc-animate": {
      "version": "2.4.1",
      "resolved": "https://registry.npmjs.org/rc-animate/-/rc-animate-2.4.1.tgz",
      "integrity": "sha512-hixobyAvDv0Oz4gHPOh67K4ck5Rz3JBBojBuKzYcu4b8JKMIiJxym83DfkkkYxXEEx/rwGf0mU0Dno/lbWghIQ==",
      "requires": {
        "babel-runtime": "6.26.0",
        "css-animation": "1.4.1",
        "prop-types": "15.5.10"
      }
    },
    "rc-calendar": {
      "version": "9.0.2",
      "resolved": "https://registry.npmjs.org/rc-calendar/-/rc-calendar-9.0.2.tgz",
      "integrity": "sha512-o78Z40biAlnwCoM7fNdTlHS2Y+gUWiF8ZDuzxagZTXaq6FOmRPbRBp63wJc2BIIM8NNXqttJsT+C2K1uN95wOQ==",
      "requires": {
        "babel-runtime": "6.26.0",
        "classnames": "2.2.5",
        "create-react-class": "15.6.0",
        "moment": "2.18.1",
        "prop-types": "15.5.10",
        "rc-trigger": "1.11.3",
        "rc-util": "4.0.4"
      }
    },
    "rc-cascader": {
      "version": "0.11.4",
      "resolved": "https://registry.npmjs.org/rc-cascader/-/rc-cascader-0.11.4.tgz",
      "integrity": "sha512-6LcZyCH+Pk6PFbgeH3y1apCC0+UUHxdHJUPSKWaZOzeW3HxRnSfhsWWiDpDdipg5mjGihsnS9Mvx6cm5p5efeA==",
      "requires": {
        "array-tree-filter": "1.0.1",
        "prop-types": "15.5.10",
        "rc-trigger": "1.11.3",
        "rc-util": "4.0.4",
        "shallow-equal": "1.0.0"
      }
    },
    "rc-checkbox": {
      "version": "2.0.3",
      "resolved": "https://registry.npmjs.org/rc-checkbox/-/rc-checkbox-2.0.3.tgz",
      "integrity": "sha1-Q2qdUIlI4iSYDwU16nOLSBd6jyU=",
      "requires": {
        "babel-runtime": "6.26.0",
        "classnames": "2.2.5",
        "prop-types": "15.5.10",
        "rc-util": "4.0.4"
      }
    },
    "rc-collapse": {
      "version": "1.7.6",
      "resolved": "https://registry.npmjs.org/rc-collapse/-/rc-collapse-1.7.6.tgz",
      "integrity": "sha512-REqPFBh2N+/skEhk+pfO8phneRZCYCSR1YGAqQUJBrauZvfwaphL86WqSxGUVdy8KeIRl3gNw0J/b3lkD4yLxQ==",
      "requires": {
        "classnames": "2.2.5",
        "css-animation": "1.4.1",
        "prop-types": "15.5.10",
        "rc-animate": "2.4.1"
      }
    },
    "rc-dialog": {
      "version": "6.5.11",
      "resolved": "https://registry.npmjs.org/rc-dialog/-/rc-dialog-6.5.11.tgz",
      "integrity": "sha512-FGifsGYvCO8vZQ6SBezXUf60JZ2wa2tHv+qLnUPA7HJaR52v4l4pVwQJgdbNiE3lvveH0Qq4x6C9ZQjTAK5SVA==",
      "requires": {
        "babel-runtime": "6.26.0",
        "create-react-class": "15.6.0",
        "object-assign": "4.1.1",
        "rc-animate": "2.4.1",
        "rc-util": "4.0.4"
      }
    },
    "rc-dropdown": {
      "version": "1.5.0",
      "resolved": "https://registry.npmjs.org/rc-dropdown/-/rc-dropdown-1.5.0.tgz",
      "integrity": "sha512-cmuSV/E4bp39iXzAZnqx5t9SpK3Ggbtdz3yPJzGKngCGhqKs9/jHofoVGkxrnVkNAycttUwQ00NKuaf/tMeX+g==",
      "requires": {
        "prop-types": "15.5.10",
        "rc-trigger": "1.11.3"
      }
    },
    "rc-editor-core": {
      "version": "0.7.8",
      "resolved": "https://registry.npmjs.org/rc-editor-core/-/rc-editor-core-0.7.8.tgz",
      "integrity": "sha1-3bgsyDtYcbWgV+ULANF4Zsyd1wc=",
      "requires": {
        "draft-js": "0.10.1",
        "immutable": "3.7.6",
        "lodash": "4.17.4",
        "prop-types": "15.5.10",
        "setimmediate": "1.0.5"
      }
    },
    "rc-editor-mention": {
      "version": "0.6.13",
      "resolved": "https://registry.npmjs.org/rc-editor-mention/-/rc-editor-mention-0.6.13.tgz",
      "integrity": "sha1-UzQ4XLZmQPFZSI6LUMa4hF/AxlQ=",
      "requires": {
        "classnames": "2.2.5",
        "dom-scroll-into-view": "1.2.1",
        "draft-js": "0.10.1",
        "immutable": "3.7.6",
        "prop-types": "15.5.10",
        "rc-animate": "2.4.1",
        "rc-editor-core": "0.7.8"
      }
    },
    "rc-form": {
      "version": "1.4.7",
      "resolved": "https://registry.npmjs.org/rc-form/-/rc-form-1.4.7.tgz",
      "integrity": "sha512-4q8GlvuH41geFtXTp95hulASNa021pycw9dCqhzKhlZN5S8jTMCMASVpM8b+RgY2Oq8U9ukYnxsSowrzdgZBxA==",
      "requires": {
        "async-validator": "1.8.1",
        "babel-runtime": "6.26.0",
        "create-react-class": "15.6.0",
        "dom-scroll-into-view": "1.2.1",
        "hoist-non-react-statics": "1.2.0",
        "lodash": "4.17.4",
        "warning": "3.0.0"
      }
    },
    "rc-hammerjs": {
      "version": "0.6.8",
      "resolved": "https://registry.npmjs.org/rc-hammerjs/-/rc-hammerjs-0.6.8.tgz",
      "integrity": "sha1-3FD6/zXszpqCKjONWSBqli4Joj0=",
      "requires": {
        "babel-runtime": "6.26.0",
        "hammerjs": "2.0.8",
        "prop-types": "15.5.10"
      }
    },
    "rc-input-number": {
      "version": "3.6.7",
      "resolved": "https://registry.npmjs.org/rc-input-number/-/rc-input-number-3.6.7.tgz",
      "integrity": "sha512-J3DnRBdBVyhVORw3KusdTiOAV7Rpaij872O0HcV7dbD7aje97IrCuVaYZq7wmN0pzn7MKCZeYtURvyHYqi4v2Q==",
      "requires": {
        "babel-runtime": "6.26.0",
        "classnames": "2.2.5",
        "create-react-class": "15.6.0",
        "prop-types": "15.5.10",
        "rc-touchable": "1.2.3"
      }
    },
    "rc-menu": {
      "version": "5.0.11",
      "resolved": "https://registry.npmjs.org/rc-menu/-/rc-menu-5.0.11.tgz",
      "integrity": "sha512-cve5rsYkYIVUNRnX3YciBS9xj1kL7Ra6INjGZOw44tgcdNB1kgTUKjSViX27mxo+czH1Kbd02EM7FL3n9Uxl7A==",
      "requires": {
        "babel-runtime": "6.26.0",
        "classnames": "2.2.5",
        "create-react-class": "15.6.0",
        "dom-scroll-into-view": "1.2.1",
        "prop-types": "15.5.10",
        "rc-animate": "2.4.1",
        "rc-util": "4.0.4"
      }
    },
    "rc-notification": {
      "version": "2.0.5",
      "resolved": "https://registry.npmjs.org/rc-notification/-/rc-notification-2.0.5.tgz",
      "integrity": "sha1-ksMAoSSsh66l97tv5XMHyb5K/dg=",
      "requires": {
        "babel-runtime": "6.26.0",
        "classnames": "2.2.5",
        "prop-types": "15.5.10",
        "rc-animate": "2.4.1",
        "rc-util": "4.0.4"
      }
    },
    "rc-pagination": {
      "version": "1.12.4",
      "resolved": "https://registry.npmjs.org/rc-pagination/-/rc-pagination-1.12.4.tgz",
      "integrity": "sha512-rwMK6rbiM0FBr3QY5MR9PHUJ0liR9jmP5t7rw3PmHIo9JT5GiISb9Txz8W/owHKHSpOKZO4HRpQj9knSXK2JCA==",
      "requires": {
        "babel-runtime": "6.26.0",
        "prop-types": "15.5.10"
      }
    },
    "rc-progress": {
      "version": "2.2.2",
      "resolved": "https://registry.npmjs.org/rc-progress/-/rc-progress-2.2.2.tgz",
      "integrity": "sha1-F58yIhjFM74nvl3fTvbyDh4ih2k=",
      "requires": {
        "babel-runtime": "6.26.0",
        "prop-types": "15.5.10"
      }
    },
    "rc-rate": {
      "version": "2.1.1",
      "resolved": "https://registry.npmjs.org/rc-rate/-/rc-rate-2.1.1.tgz",
      "integrity": "sha1-iK7aiz1kcLuuT2UYxlKgKpWb3cU=",
      "requires": {
        "classnames": "2.2.5",
        "prop-types": "15.5.10"
      }
    },
    "rc-select": {
      "version": "6.9.1",
      "resolved": "https://registry.npmjs.org/rc-select/-/rc-select-6.9.1.tgz",
      "integrity": "sha512-c9rqCH+jZgoueR+bOT0UXD7PlPVCTyK4ULXKtveJCpsh5YJrn/Vu+xrjpCWijI629ddMJYLcmIyvJc9/fGvaeA==",
      "requires": {
        "babel-runtime": "6.26.0",
        "classnames": "2.2.5",
        "component-classes": "1.2.6",
        "dom-scroll-into-view": "1.2.1",
        "prop-types": "15.5.10",
        "rc-animate": "2.4.1",
        "rc-menu": "5.0.11",
        "rc-trigger": "1.11.3",
        "rc-util": "4.0.4",
        "warning": "2.1.0"
      },
      "dependencies": {
        "warning": {
          "version": "2.1.0",
          "resolved": "https://registry.npmjs.org/warning/-/warning-2.1.0.tgz",
          "integrity": "sha1-ISINnGOvx3qMkhEeARr3Bc4MaQE=",
          "requires": {
            "loose-envify": "1.3.1"
          }
        }
      }
    },
    "rc-slider": {
      "version": "8.2.0",
      "resolved": "https://registry.npmjs.org/rc-slider/-/rc-slider-8.2.0.tgz",
      "integrity": "sha1-rjfRcUTK1g4dpurA7k/8/qCwpug=",
      "requires": {
        "babel-runtime": "6.26.0",
        "classnames": "2.2.5",
        "prop-types": "15.5.10",
        "rc-tooltip": "3.4.9",
        "rc-util": "4.0.4",
        "shallowequal": "1.0.2",
        "warning": "3.0.0"
      }
    },
    "rc-steps": {
      "version": "2.5.2",
      "resolved": "https://registry.npmjs.org/rc-steps/-/rc-steps-2.5.2.tgz",
      "integrity": "sha512-FsKpogxMaF2GYX3G9pn0pwTm9XTS+fAge/7F9uN0sDRPULUODBaUtlVUAOrDXIFOcIxxeku2UWBA6WfUvmcfTw==",
      "requires": {
        "classnames": "2.2.5",
        "lodash.debounce": "4.0.8",
        "prop-types": "15.5.10"
      }
    },
    "rc-switch": {
      "version": "1.5.3",
      "resolved": "https://registry.npmjs.org/rc-switch/-/rc-switch-1.5.3.tgz",
      "integrity": "sha512-mOs6ZRgtioWt34CBrxC0nH5vJcg8cJ6RuDExN7qua3m9WYmd6NoSMgK3hXI7VDXuAsSLUGiE9MhJyIeeGcr57A==",
      "requires": {
        "babel-runtime": "6.26.0",
        "classnames": "2.2.5",
        "prop-types": "15.5.10"
      }
    },
    "rc-table": {
      "version": "5.6.7",
      "resolved": "https://registry.npmjs.org/rc-table/-/rc-table-5.6.7.tgz",
      "integrity": "sha512-MJERM1L86d7RFCBQc0Xird+3+A+ng3sJ1K93sIVExiIAXR10L6pw6WsRv3i4PrxrMs2L7V393MmtCR3j+z9EyQ==",
      "requires": {
        "babel-runtime": "6.26.0",
        "component-classes": "1.2.6",
        "lodash.get": "4.4.2",
        "prop-types": "15.5.10",
        "rc-util": "4.0.4",
        "shallowequal": "0.2.2",
        "warning": "3.0.0"
      },
      "dependencies": {
        "shallowequal": {
          "version": "0.2.2",
          "resolved": "https://registry.npmjs.org/shallowequal/-/shallowequal-0.2.2.tgz",
          "integrity": "sha1-HjL9W8q2rWiKSBLLDMBO/HXHAU4=",
          "requires": {
            "lodash.keys": "3.1.2"
          }
        }
      }
    },
    "rc-tabs": {
      "version": "9.1.4",
      "resolved": "https://registry.npmjs.org/rc-tabs/-/rc-tabs-9.1.4.tgz",
      "integrity": "sha512-Eou2H6Mtf1rrn8otDRgsan7pBdZh3im51+jVmruh4K/Pg6FV4/MZN20p9EZZ7LQ917+gM345c3+lVkWWjfDOLg==",
      "requires": {
        "babel-runtime": "6.26.0",
        "classnames": "2.2.5",
        "create-react-class": "15.6.0",
        "lodash.debounce": "4.0.8",
        "prop-types": "15.5.10",
        "rc-hammerjs": "0.6.8",
        "rc-util": "4.0.4",
        "warning": "3.0.0"
      }
    },
    "rc-time-picker": {
      "version": "2.4.1",
      "resolved": "https://registry.npmjs.org/rc-time-picker/-/rc-time-picker-2.4.1.tgz",
      "integrity": "sha1-B049EgjogO2w2Zp7nMFbk1BdqMY=",
      "requires": {
        "babel-runtime": "6.26.0",
        "classnames": "2.2.5",
        "moment": "2.18.1",
        "prop-types": "15.5.10",
        "rc-trigger": "1.11.3"
      }
    },
    "rc-tooltip": {
      "version": "3.4.9",
      "resolved": "https://registry.npmjs.org/rc-tooltip/-/rc-tooltip-3.4.9.tgz",
      "integrity": "sha512-D9VFsy+0sB6s3zZ/DSTI+AJB106mOrRVTw3IXwF1mMhjHaCvEO+CGzHcTfyj9k6tY+5c4E+fd+r2g4DnkjgSNg==",
      "requires": {
        "babel-runtime": "6.26.0",
        "prop-types": "15.5.10",
        "rc-trigger": "1.11.3"
      }
    },
    "rc-touchable": {
      "version": "1.2.3",
      "resolved": "https://registry.npmjs.org/rc-touchable/-/rc-touchable-1.2.3.tgz",
      "integrity": "sha1-X0mDJOPQubpgGpxINJWOqixxNhg=",
      "requires": {
        "babel-runtime": "6.26.0"
      }
    },
    "rc-tree": {
      "version": "1.7.3",
      "resolved": "https://registry.npmjs.org/rc-tree/-/rc-tree-1.7.3.tgz",
      "integrity": "sha512-4uePwnxEvR/anA9nLKXLsm8TIA00cxuQI4dg7VgP5rpSosawMY/ZCEcN88TQR0U6w6hrn6tPFES4A+36KGVt5w==",
      "requires": {
        "babel-runtime": "6.26.0",
        "classnames": "2.2.5",
        "prop-types": "15.5.10",
        "rc-animate": "2.4.1",
        "rc-util": "4.0.4",
        "warning": "3.0.0"
      }
    },
    "rc-tree-select": {
      "version": "1.10.7",
      "resolved": "https://registry.npmjs.org/rc-tree-select/-/rc-tree-select-1.10.7.tgz",
      "integrity": "sha512-U4p0f1OIax0aB6U0FEXmyiPOgEASjbUGsFXwzy1+s4tVjSnEx4tqzZNxZxLUO4aB8r5ZRUUX85eC7LT2GOEjCg==",
      "requires": {
        "babel-runtime": "6.26.0",
        "classnames": "2.2.5",
        "object-assign": "4.1.1",
        "prop-types": "15.5.10",
        "rc-animate": "2.4.1",
        "rc-tree": "1.7.3",
        "rc-trigger": "1.11.3",
        "rc-util": "4.0.4"
      }
    },
    "rc-trigger": {
      "version": "1.11.3",
      "resolved": "https://registry.npmjs.org/rc-trigger/-/rc-trigger-1.11.3.tgz",
      "integrity": "sha512-g5Y2TxMB44Ubg2qpj0Qj9NTT+/jWysv2yKPgDe1CqvKbIxiM+3fVkl04u4ppXMNpN3qi6zWqKzugFcfdG6at4A==",
      "requires": {
        "babel-runtime": "6.26.0",
        "create-react-class": "15.6.0",
        "prop-types": "15.5.10",
        "rc-align": "2.3.4",
        "rc-animate": "2.4.1",
        "rc-util": "4.0.4"
      }
    },
    "rc-upload": {
      "version": "2.4.1",
      "resolved": "https://registry.npmjs.org/rc-upload/-/rc-upload-2.4.1.tgz",
      "integrity": "sha512-qpgNxtsvoZyO0F7FoV4AXdcnbOX62590VXdPkYLEhyHN3hqemoOoQueCQOV0g0n8FJhYphIl9qthsUlQe43BCw==",
      "requires": {
        "attr-accept": "1.1.0",
        "babel-runtime": "6.26.0",
        "classnames": "2.2.5",
        "prop-types": "15.5.10",
        "warning": "2.1.0"
      },
      "dependencies": {
        "warning": {
          "version": "2.1.0",
          "resolved": "https://registry.npmjs.org/warning/-/warning-2.1.0.tgz",
          "integrity": "sha1-ISINnGOvx3qMkhEeARr3Bc4MaQE=",
          "requires": {
            "loose-envify": "1.3.1"
          }
        }
      }
    },
    "rc-util": {
      "version": "4.0.4",
      "resolved": "https://registry.npmjs.org/rc-util/-/rc-util-4.0.4.tgz",
      "integrity": "sha1-mYE92Qrufim2STmnCsF26tP0/zk=",
      "requires": {
        "add-dom-event-listener": "1.0.2",
        "babel-runtime": "6.26.0",
        "shallowequal": "0.2.2"
      },
      "dependencies": {
        "shallowequal": {
          "version": "0.2.2",
          "resolved": "https://registry.npmjs.org/shallowequal/-/shallowequal-0.2.2.tgz",
          "integrity": "sha1-HjL9W8q2rWiKSBLLDMBO/HXHAU4=",
          "requires": {
            "lodash.keys": "3.1.2"
          }
        }
      }
    },
    "react": {
      "version": "15.6.1",
      "resolved": "https://registry.npmjs.org/react/-/react-15.6.1.tgz",
      "integrity": "sha1-uqhDTsZ4C96ZfNw4C3nNM7ljk98=",
      "requires": {
        "create-react-class": "15.6.0",
        "fbjs": "0.8.15",
        "loose-envify": "1.3.1",
        "object-assign": "4.1.1",
        "prop-types": "15.5.10"
      }
    },
    "react-lazy-load": {
      "version": "3.0.12",
      "resolved": "https://registry.npmjs.org/react-lazy-load/-/react-lazy-load-3.0.12.tgz",
      "integrity": "sha1-K4Qd/DIn6BGdAzGJ0slgzjhNDLk=",
      "requires": {
        "eventlistener": "0.0.1",
        "lodash.debounce": "4.0.8",
        "lodash.throttle": "4.1.1",
        "prop-types": "15.5.10"
      }
    },
    "react-slick": {
      "version": "0.15.4",
      "resolved": "https://registry.npmjs.org/react-slick/-/react-slick-0.15.4.tgz",
      "integrity": "sha512-RXKA8V6NmpTz6Ngo3XB5dg4GrGwDln89j5uG9Z4NXOedlVCzfG3LcHBVC5Pqs411Arbcp8nlzcg39g+rT6OPHw==",
      "requires": {
        "can-use-dom": "0.1.0",
        "classnames": "2.2.5",
        "create-react-class": "15.6.0",
        "enquire.js": "2.1.6",
        "json2mq": "0.2.0",
        "object-assign": "4.1.1",
        "slick-carousel": "1.7.1"
      }
    },
    "regenerator-runtime": {
      "version": "0.11.0",
      "resolved": "https://registry.npmjs.org/regenerator-runtime/-/regenerator-runtime-0.11.0.tgz",
      "integrity": "sha512-/aA0kLeRb5N9K0d4fw7ooEbI+xDe+DKD499EQqygGqeS8N3xto15p09uY2xj7ixP81sNPXvRLnAQIqdVStgb1A=="
    },
    "setimmediate": {
      "version": "1.0.5",
      "resolved": "https://registry.npmjs.org/setimmediate/-/setimmediate-1.0.5.tgz",
      "integrity": "sha1-KQy7Iy4waULX1+qbg3Mqt4VvgoU="
    },
    "shallow-equal": {
      "version": "1.0.0",
      "resolved": "https://registry.npmjs.org/shallow-equal/-/shallow-equal-1.0.0.tgz",
      "integrity": "sha1-UI0YOLPeWQq4dXsBGyXkMJAJRfc="
    },
    "shallowequal": {
      "version": "1.0.2",
      "resolved": "https://registry.npmjs.org/shallowequal/-/shallowequal-1.0.2.tgz",
      "integrity": "sha512-zlVXeVUKvo+HEv1e2KQF/csyeMKx2oHvatQ9l6XjCUj3agvC8XGf6R9HvIPDSmp8FNPvx7b5kaEJTRi7CqxtEw=="
    },
    "slick-carousel": {
      "version": "1.7.1",
      "resolved": "https://registry.npmjs.org/slick-carousel/-/slick-carousel-1.7.1.tgz",
      "integrity": "sha1-UfVIm7tSISVCzL6fQmifgYvSntI=",
      "requires": {
        "jquery": "3.2.1"
      }
    },
    "string-convert": {
      "version": "0.2.1",
      "resolved": "https://registry.npmjs.org/string-convert/-/string-convert-0.2.1.tgz",
      "integrity": "sha1-aYLMMEn7tM2F+LJFaLnZvznu/5c="
    },
    "ua-parser-js": {
      "version": "0.7.14",
      "resolved": "https://registry.npmjs.org/ua-parser-js/-/ua-parser-js-0.7.14.tgz",
      "integrity": "sha1-EQ1T+kw/MmwSEpK76skE0uAzh8o="
    },
    "warning": {
      "version": "3.0.0",
      "resolved": "https://registry.npmjs.org/warning/-/warning-3.0.0.tgz",
      "integrity": "sha1-MuU3fLVy3kqwR1O9+IIcAe1gW3w=",
      "requires": {
        "loose-envify": "1.3.1"
      }
    },
    "whatwg-fetch": {
      "version": "2.0.3",
      "resolved": "https://registry.npmjs.org/whatwg-fetch/-/whatwg-fetch-2.0.3.tgz",
      "integrity": "sha1-nITsLc9oGH/wC8ZOEnS0QhduHIQ="
    }
  }
}
